
Microsoft Visual Studio Solution File, Format Version 12.00
# Visual Studio Version 16
VisualStudioVersion = 16.0.31321.278
MinimumVisualStudioVersion = 10.0.40219.1
Project("{FAE04EC0-301F-11D3-BF4B-00C04F79EFBC}") = "TipCalculator.Android", "TipCalculator\TipCalculator.Android\TipCalculator.Android.csproj", "{ED25AF4A-D599-49ED-B58D-0D90905D3AA2}"
EndProject
Project("{FAE04EC0-301F-11D3-BF4B-00C04F79EFBC}") = "TipCalculator.iOS", "TipCalculator\TipCalculator.iOS\TipCalculator.iOS.csproj", "{9C87E02B-C4CA-4595-8B6E-2E3496D0122F}"
EndProject
Project("{FAE04EC0-301F-11D3-BF4B-00C04F79EFBC}") = "TipCalculator", "TipCalculator\TipCalculator\TipCalculator.csproj", "{9047E593-AA6D-491B-B860-999C4ABBA44E}"
EndProject
Global
	GlobalSection(SolutionConfigurationPlatforms) = preSolution
		Debug|Any CPU = Debug|Any CPU
		Debug|iPhone = Debug|iPhone
		Debug|iPhoneSimulator = Debug|iPhoneSimulator
		Release|Any CPU = Release|Any CPU
		Release|iPhone = Release|iPhone
		Release|iPhoneSimulator = Release|iPhoneSimulator
	EndGlobalSection
	GlobalSection(ProjectConfigurationPlatforms) = postSolution
		{ED25AF4A-D599-49ED-B58D-0D90905D3AA2}.Debug|Any CPU.ActiveCfg = Debug|Any CPU
		{ED25AF4A-D599-49ED-B58D-0D90905D3AA2}.Debug|Any CPU.Build.0 = Debug|Any CPU
		{ED25AF4A-D599-49ED-B58D-0D90905D3AA2}.Debug|Any CPU.Deploy.0 = Debug|Any CPU
		{ED25AF4A-D599-49ED-B58D-0D90905D3AA2}.Debug|iPhone.ActiveCfg = Debug|Any CPU
		{ED25AF4A-D599-49ED-B58D-0D90905D3AA2}.Debug|iPhone.Build.0 = Debug|Any CPU
		{ED25AF4A-D599-49ED-B58D-0D90905D3AA2}.Debug|iPhone.Deploy.0 = Debug|Any CPU
		{ED25AF4A-D599-49ED-B58D-0D90905D3AA2}.Debug|iPhoneSimulator.ActiveCfg = Debug|Any CPU
		{ED25AF4A-D599-49ED-B58D-0D90905D3AA2}.Debug|iPhoneSimulator.Build.0 = Debug|Any CPU
		{ED25AF4A-D599-49ED-B58D-0D90905D3AA2}.Debug|iPhoneSimulator.Deploy.0 = Debug|Any CPU
		{ED25AF4A-D599-49ED-B58D-0D90905D3AA2}.Release|Any CPU.ActiveCfg = Release|Any CPU
		{ED25AF4A-D599-49ED-B58D-0D90905D3AA2}.Release|Any CPU.Build.0 = Release|Any CPU
		{ED25AF4A-D599-49ED-B58D-0D90905D3AA2}.Release|Any CPU.Deploy.0 = Release|Any CPU
		{ED25AF4A-D599-49ED-B58D-0D90905D3AA2}.Release|iPhone.ActiveCfg = Release|Any CPU
		{ED25AF4A-D599-49ED-B58D-0D90905D3AA2}.Release|iPhone.Build.0 = Release|Any CPU
		{ED25AF4A-D599-49ED-B58D-0D90905D3AA2}.Release|iPhone.Deploy.0 = Release|Any CPU
		{ED25AF4A-D599-49ED-B58D-0D90905D3AA2}.Release|iPhoneSimulator.ActiveCfg = Release|Any CPU
		{ED25AF4A-D599-49ED-B58D-0D90905D3AA2}.Release|iPhoneSimulator.Build.0 = Release|Any CPU
		{ED25AF4A-D599-49ED-B58D-0D90905D3AA2}.Release|iPhoneSimulator.Deploy.0 = Release|Any CPU
		{9C87E02B-C4CA-4595-8B6E-2E3496D0122F}.Debug|Any CPU.ActiveCfg = Debug|iPhone
		{9C87E02B-C4CA-4595-8B6E-2E3496D0122F}.Debug|Any CPU.Build.0 = Debug|iPhone
		{9C87E02B-C4CA-4595-8B6E-2E3496D0122F}.Debug|Any CPU.Deploy.0 = Debug|iPhone
		{9C87E02B-C4CA-4595-8B6E-2E3496D0122F}.Debug|iPhone.ActiveCfg = Debug|iPhone
		{9C87E02B-C4CA-4595-8B6E-2E3496D0122F}.Debug|iPhone.Build.0 = Debug|iPhone
		{9C87E02B-C4CA-4595-8B6E-2E3496D0122F}.Debug|iPhone.Deploy.0 = Debug|iPhone
		{9C87E02B-C4CA-4595-8B6E-2E3496D0122F}.Debug|iPhoneSimulator.ActiveCfg = Debug|iPhoneSimulator
		{9C87E02B-C4CA-4595-8B6E-2E3496D0122F}.Debug|iPhoneSimulator.Build.0 = Debug|iPhoneSimulator
		{9C87E02B-C4CA-4595-8B6E-2E3496D0122F}.Debug|iPhoneSimulator.Deploy.0 = Debug|iPhoneSimulator
		{9C87E02B-C4CA-4595-8B6E-2E3496D0122F}.Release|Any CPU.ActiveCfg = Release|iPhoneSimulator
		{9C87E02B-C4CA-4595-8B6E-2E3496D0122F}.Release|Any CPU.Build.0 = Release|iPhoneSimulator
		{9C87E02B-C4CA-4595-8B6E-2E3496D0122F}.Release|Any CPU.Deploy.0 = Release|iPhoneSimulator
		{9C87E02B-C4CA-4595-8B6E-2E3496D0122F}.Release|iPhone.ActiveCfg = Release|iPhone
		{9C87E02B-C4CA-4595-8B6E-2E3496D0122F}.Release|iPhone.Build.0 = Release|iPhone
		{9C87E02B-C4CA-4595-8B6E-2E3496D0122F}.Release|iPhone.Deploy.0 = Release|iPhone
		{9C87E02B-C4CA-4595-8B6E-2E3496D0122F}.Release|iPhoneSimulator.ActiveCfg = Release|iPhoneSimulator
		{9C87E02B-C4CA-4595-8B6E-2E3496D0122F}.Release|iPhoneSimulator.Build.0 = Release|iPhoneSimulator
		{9C87E02B-C4CA-4595-8B6E-2E3496D0122F}.Release|iPhoneSimulator.Deploy.0 = Release|iPhoneSimulator
		{9047E593-AA6D-491B-B860-999C4ABBA44E}.Debug|Any CPU.ActiveCfg = Debug|Any CPU
		{9047E593-AA6D-491B-B860-999C4ABBA44E}.Debug|Any CPU.Build.0 = Debug|Any CPU
		{9047E593-AA6D-491B-B860-999C4ABBA44E}.Debug|Any CPU.Deploy.0 = Debug|Any CPU
		{9047E593-AA6D-491B-B860-999C4ABBA44E}.Debug|iPhone.ActiveCfg = Debug|Any CPU
		{9047E593-AA6D-491B-B860-999C4ABBA44E}.Debug|iPhone.Build.0 = Debug|Any CPU
		{9047E593-AA6D-491B-B860-999C4ABBA44E}.Debug|iPhone.Deploy.0 = Debug|Any CPU
		{9047E593-AA6D-491B-B860-999C4ABBA44E}.Debug|iPhoneSimulator.ActiveCfg = Debug|Any CPU
		{9047E593-AA6D-491B-B860-999C4ABBA44E}.Debug|iPhoneSimulator.Build.0 = Debug|Any CPU
		{9047E593-AA6D-491B-B860-999C4ABBA44E}.Debug|iPhoneSimulator.Deploy.0 = Debug|Any CPU
		{9047E593-AA6D-491B-B860-999C4ABBA44E}.Release|Any CPU.ActiveCfg = Release|Any CPU
		{9047E593-AA6D-491B-B860-999C4ABBA44E}.Release|Any CPU.Build.0 = Release|Any CPU
		{9047E593-AA6D-491B-B860-999C4ABBA44E}.Release|Any CPU.Deploy.0 = Release|Any CPU
		{9047E593-AA6D-491B-B860-999C4ABBA44E}.Release|iPhone.ActiveCfg = Release|Any CPU
		{9047E593-AA6D-491B-B860-999C4ABBA44E}.Release|iPhone.Build.0 = Release|Any CPU
		{9047E593-AA6D-491B-B860-999C4ABBA44E}.Release|iPhone.Deploy.0 = Release|Any CPU
		{9047E593-AA6D-491B-B860-999C4ABBA44E}.Release|iPhoneSimulator.ActiveCfg = Release|Any CPU
		{9047E593-AA6D-491B-B860-999C4ABBA44E}.Release|iPhoneSimulator.Build.0 = Release|Any CPU
		{9047E593-AA6D-491B-B860-999C4ABBA44E}.Release|iPhoneSimulator.Deploy.0 = Release|Any CPU
	EndGlobalSection
	GlobalSection(SolutionProperties) = preSolution
		HideSolutionNode = FALSE
	EndGlobalSection
	GlobalSection(ExtensibilityGlobals) = postSolution
		SolutionGuid = {315339EC-CF0A-4D23-8C8E-B9D57E266728}
	EndGlobalSection
EndGlobal
